{
  "name": "plugin-load-order-probe",
  "version": "1.0.0",
  "lockfileVersion": 3,
  "requires": true,
  "packages": {
    "": {
      "name": "plugin-load-order-probe",
      "version": "1.0.0",
      "license": "MIT",
      "dependencies": {
        "php-parser": "3.7.0"
      },
      "bin": {
        "plugin-load-order-probe": "bin/plugin-load-order-probe.mjs"
      },
      "engines": {
        "node": ">=20"
      }
    },
    "node_modules/php-parser": {
      "version": "3.7.0",
      "resolved": "https://registry.npmjs.org/php-parser/-/php-parser-3.7.0.tgz",
      "integrity": "sha512-JRc1t78GZAEa+MuzVC5A5RJS1NDFTS4UnprUEu/NnsN9cyHbGZLUqghO9IQZUSCay62HYQiWd3PxyWAEF45zmA==",
      "license": "BSD-3-Clause"
    }
  }
}
